// !$*UTF8*$!
{
	archiveVersion = 1;
	classes = {
	};
	objectVersion = 46;
	objects = {

/* Begin PBXBuildFile section */
		70DA880A19CAF653000E58C0 /* LaunchScreen.xib in Resources */ = {isa = PBXBuildFile; fileRef = 70DA880619CAF653000E58C0 /* LaunchScreen.xib */; };
		70DA880B19CAF653000E58C0 /* Main.storyboard in Resources */ = {isa = PBXBuildFile; fileRef = 70DA880819CAF653000E58C0 /* Main.storyboard */; };
		70DA880D19CAF7DA000E58C0 /* sample.json in Resources */ = {isa = PBXBuildFile; fileRef = 70DA880C19CAF7DA000E58C0 /* sample.json */; };
		70DFC10419CA8454005F8216 /* AppDelegate.swift in Sources */ = {isa = PBXBuildFile; fileRef = 70DFC0FB19CA8454005F8216 /* AppDelegate.swift */; };
		70DFC10719CA8454005F8216 /* ViewController.swift in Sources */ = {isa = PBXBuildFile; fileRef = 70DFC10119CA8454005F8216 /* ViewController.swift */; };
		70DFC10819CA8454005F8216 /* Images.xcassets in Resources */ = {isa = PBXBuildFile; fileRef = 70DFC10219CA8454005F8216 /* Images.xcassets */; };
/* End PBXBuildFile section */

/* Begin PBXFileReference section */
		7051A00519C8721F00109CD3 /* SwiftBenchmarks.app */ = {isa = PBXFileReference; explicitFileType = wrapper.application; includeInIndex = 0; path = SwiftBenchmarks.app; sourceTree = BUILT_PRODUCTS_DIR; };
		70DA880719CAF653000E58C0 /* Base */ = {isa = PBXFileReference; lastKnownFileType = file.xib; name = Base; path = SwiftBenchmarks/Base.lproj/LaunchScreen.xib; sourceTree = SOURCE_ROOT; };
		70DA880919CAF653000E58C0 /* Base */ = {isa = PBXFileReference; lastKnownFileType = file.storyboard; name = Base; path = SwiftBenchmarks/Base.lproj/Main.storyboard; sourceTree = SOURCE_ROOT; };
		70DA880C19CAF7DA000E58C0 /* sample.json */ = {isa = PBXFileReference; fileEncoding = 4; lastKnownFileType = text.json; name = sample.json; path = SwiftBenchmarks/sample.json; sourceTree = SOURCE_ROOT; };
		70DFC0FB19CA8454005F8216 /* AppDelegate.swift */ = {isa = PBXFileReference; fileEncoding = 4; lastKnownFileType = sourcecode.swift; name = AppDelegate.swift; path = SwiftBenchmarks/AppDelegate.swift; sourceTree = SOURCE_ROOT; };
		70DFC10119CA8454005F8216 /* ViewController.swift */ = {isa = PBXFileReference; fileEncoding = 4; lastKnownFileType = sourcecode.swift; name = ViewController.swift; path = SwiftBenchmarks/ViewController.swift; sourceTree = SOURCE_ROOT; };
		70DFC10219CA8454005F8216 /* Images.xcassets */ = {isa = PBXFileReference; lastKnownFileType = folder.assetcatalog; name = Images.xcassets; path = SwiftBenchmarks/Images.xcassets; sourceTree = SOURCE_ROOT; };
		70DFC10319CA8454005F8216 /* Info.plist */ = {isa = PBXFileReference; fileEncoding = 4; lastKnownFileType = text.plist.xml; name = Info.plist; path = SwiftBenchmarks/Info.plist; sourceTree = SOURCE_ROOT; };
/* End PBXFileReference section */

/* Begin PBXFrameworksBuildPhase section */
		7051A00219C8721F00109CD3 /* Frameworks */ = {
			isa = PBXFrameworksBuildPhase;
			buildActionMask = 2147483647;
			files = (
			);
			runOnlyForDeploymentPostprocessing = 0;
		};
/* End PBXFrameworksBuildPhase section */

/* Begin PBXGroup section */
		70519FFC19C8721F00109CD3 = {
			isa = PBXGroup;
			children = (
				7051A00719C8721F00109CD3 /* SwiftBenchmarks */,
				7051A00619C8721F00109CD3 /* Products */,
			);
			sourceTree = "<group>";
		};
		7051A00619C8721F00109CD3 /* Products */ = {
			isa = PBXGroup;
			children = (
				7051A00519C8721F00109CD3 /* SwiftBenchmarks.app */,
			);
			name = Products;
			sourceTree = "<group>";
		};
		7051A00719C8721F00109CD3 /* SwiftBenchmarks */ = {
			isa = PBXGroup;
			children = (
				70DFC0FB19CA8454005F8216 /* AppDelegate.swift */,
				70DFC10119CA8454005F8216 /* ViewController.swift */,
				70DA880619CAF653000E58C0 /* LaunchScreen.xib */,
				70DA880819CAF653000E58C0 /* Main.storyboard */,
				70DFC10219CA8454005F8216 /* Images.xcassets */,
				70DA880C19CAF7DA000E58C0 /* sample.json */,
				7051A00819C8721F00109CD3 /* Supporting Files */,
			);
			name = SwiftBenchmarks;
			path = SwiftArrayDictionaryBenchmark;
			sourceTree = "<group>";
		};
		7051A00819C8721F00109CD3 /* Supporting Files */ = {
			isa = PBXGroup;
			children = (
				70DFC10319CA8454005F8216 /* Info.plist */,
			);
			name = "Supporting Files";
			sourceTree = "<group>";
		};
/* End PBXGroup section */

/* Begin PBXNativeTarget section */
		7051A00419C8721F00109CD3 /* SwiftBenchmarks */ = {
			isa = PBXNativeTarget;
			buildConfigurationList = 7051A02419C8721F00109CD3 /* Build configuration list for PBXNativeTarget "SwiftBenchmarks" */;
			buildPhases = (
				7051A00119C8721F00109CD3 /* Sources */,
				7051A00219C8721F00109CD3 /* Frameworks */,
				7051A00319C8721F00109CD3 /* Resources */,
			);
			buildRules = (
			);
			dependencies = (
			);
			name = SwiftBenchmarks;
			productName = SwiftArrayDictionaryBenchmark;
			productReference = 7051A00519C8721F00109CD3 /* SwiftBenchmarks.app */;
			productType = "com.apple.product-type.application";
		};
/* End PBXNativeTarget section */

/* Begin PBXProject section */
		70519FFD19C8721F00109CD3 /* Project object */ = {
			isa = PBXProject;
			attributes = {
				LastUpgradeCheck = 0600;
				ORGANIZATIONNAME = "Yusuke Miyazaki";
				TargetAttributes = {
					7051A00419C8721F00109CD3 = {
						CreatedOnToolsVersion = 6.0;
					};
				};
			};
			buildConfigurationList = 7051A00019C8721F00109CD3 /* Build configuration list for PBXProject "SwiftBenchmarks" */;
			compatibilityVersion = "Xcode 3.2";
			developmentRegion = English;
			hasScannedForEncodings = 0;
			knownRegions = (
				en,
				Base,
			);
			mainGroup = 70519FFC19C8721F00109CD3;
			productRefGroup = 7051A00619C8721F00109CD3 /* Products */;
			projectDirPath = "";
			projectRoot = "";
			targets = (
				7051A00419C8721F00109CD3 /* SwiftBenchmarks */,
			);
		};
/* End PBXProject section */

/* Begin PBXResourcesBuildPhase section */
		7051A00319C8721F00109CD3 /* Resources */ = {
			isa = PBXResourcesBuildPhase;
			buildActionMask = 2147483647;
			files = (
				70DA880B19CAF653000E58C0 /* Main.storyboard in Resources */,
				70DA880A19CAF653000E58C0 /* LaunchScreen.xib in Resources */,
				70DA880D19CAF7DA000E58C0 /* sample.json in Resources */,
				70DFC10819CA8454005F8216 /* Images.xcassets in Resources */,
			);
			runOnlyForDeploymentPostprocessing = 0;
		};
/* End PBXResourcesBuildPhase section */

/* Begin PBXSourcesBuildPhase section */
		7051A00119C8721F00109CD3 /* Sources */ = {
			isa = PBXSourcesBuildPhase;
			buildActionMask = 2147483647;
			files = (
				70DFC10419CA8454005F8216 /* AppDelegate.swift in Sources */,
				70DFC10719CA8454005F8216 /* ViewController.swift in Sources */,
			);
			runOnlyForDeploymentPostprocessing = 0;
		};
/* End PBXSourcesBuildPhase section */

/* Begin PBXVariantGroup section */
		70DA880619CAF653000E58C0 /* LaunchScreen.xib */ = {
			isa = PBXVariantGroup;
			children = (
				70DA880719CAF653000E58C0 /* Base */,
			);
			name = LaunchScreen.xib;
			sourceTree = "<group>";
		};
		70DA880819CAF653000E58C0 /* Main.storyboard */ = {
			isa = PBXVariantGroup;
			children = (
				70DA880919CAF653000E58C0 /* Base */,
			);
			name = Main.storyboard;
			sourceTree = "<group>";
		};
/* End PBXVariantGroup section */

/* Begin XCBuildConfiguration section */
		7051A02219C8721F00109CD3 /* Debug */ = {
			isa = XCBuildConfiguration;
			buildSettings = {
				ALWAYS_SEARCH_USER_PATHS = NO;
				CLANG_CXX_LANGUAGE_STANDARD = "gnu++0x";
				CLANG_CXX_LIBRARY = "libc++";
				CLANG_ENABLE_MODULES = YES;
				CLANG_ENABLE_OBJC_ARC = YES;
				CLANG_WARN_BOOL_CONVERSION = YES;
				CLANG_WARN_CONSTANT_CONVERSION = YES;
				CLANG_WARN_DIRECT_OBJC_ISA_USAGE = YES_ERROR;
				CLANG_WARN_EMPTY_BODY = YES;
				CLANG_WARN_ENUM_CONVERSION = YES;
				CLANG_WARN_INT_CONVERSION = YES;
				CLANG_WARN_OBJC_ROOT_CLASS = YES_ERROR;
				CLANG_WARN_UNREACHABLE_CODE = YES;
				CLANG_WARN__DUPLICATE_METHOD_MATCH = YES;
				"CODE_SIGN_IDENTITY[sdk=iphoneos*]" = "iPhone Developer";
				COPY_PHASE_STRIP = NO;
				ENABLE_STRICT_OBJC_MSGSEND = YES;
				GCC_C_LANGUAGE_STANDARD = gnu99;
				GCC_DYNAMIC_NO_PIC = NO;
				GCC_OPTIMIZATION_LEVEL = 0;
				GCC_PREPROCESSOR_DEFINITIONS = (
					"DEBUG=1",
					"$(inherited)",
				);
				GCC_SYMBOLS_PRIVATE_EXTERN = NO;
				GCC_WARN_64_TO_32_BIT_CONVERSION = YES;
				GCC_WARN_ABOUT_RETURN_TYPE = YES_ERROR;
				GCC_WARN_UNDECLARED_SELECTOR = YES;
				GCC_WARN_UNINITIALIZED_AUTOS = YES_AGGRESSIVE;
				GCC_WARN_UNUSED_FUNCTION = YES;
				GCC_WARN_UNUSED_VARIABLE = YES;
				IPHONEOS_DEPLOYMENT_TARGET = 8.0;
				MTL_ENABLE_DEBUG_INFO = YES;
				ONLY_ACTIVE_ARCH = YES;
				SDKROOT = iphoneos;
				SWIFT_OPTIMIZATION_LEVEL = "-Onone";
				TARGETED_DEVICE_FAMILY = "1,2";
			};
			name = Debug;
		};
		7051A02319C8721F00109CD3 /* Release */ = {
			isa = XCBuildConfiguration;
			buildSettings = {
				ALWAYS_SEARCH_USER_PATHS = NO;
				CLANG_CXX_LANGUAGE_STANDARD = "gnu++0x";
				CLANG_CXX_LIBRARY = "libc++";
				CLANG_ENABLE_MODULES = YES;
				CLANG_ENABLE_OBJC_ARC = YES;
				CLANG_WARN_BOOL_CONVERSION = YES;
				CLANG_WARN_CONSTANT_CONVERSION = YES;
				CLANG_WARN_DIRECT_OBJC_ISA_USAGE = YES_ERROR;
				CLANG_WARN_EMPTY_BODY = YES;
				CLANG_WARN_ENUM_CONVERSION = YES;
				CLANG_WARN_INT_CONVERSION = YES;
				CLANG_WARN_OBJC_ROOT_CLASS = YES_ERROR;
				CLANG_WARN_UNREACHABLE_CODE = YES;
				CLANG_WARN__DUPLICATE_METHOD_MATCH = YES;
				"CODE_SIGN_IDENTITY[sdk=iphoneos*]" = "iPhone Developer";
				COPY_PHASE_STRIP = YES;
				ENABLE_NS_ASSERTIONS = NO;
				ENABLE_STRICT_OBJC_MSGSEND = YES;
				GCC_C_LANGUAGE_STANDARD = gnu99;
				GCC_WARN_64_TO_32_BIT_CONVERSION = YES;
				GCC_WARN_ABOUT_RETURN_TYPE = YES_ERROR;
				GCC_WARN_UNDECLARED_SELECTOR = YES;
				GCC_WARN_UNINITIALIZED_AUTOS = YES_AGGRESSIVE;
				GCC_WARN_UNUSED_FUNCTION = YES;
				GCC_WARN_UNUSED_VARIABLE = YES;
				IPHONEOS_DEPLOYMENT_TARGET = 8.0;
				MTL_ENABLE_DEBUG_INFO = NO;
				SDKROOT = iphoneos;
				SWIFT_OPTIMIZATION_LEVEL = "-Onone";
				TARGETED_DEVICE_FAMILY = "1,2";
				VALIDATE_PRODUCT = YES;
			};
			name = Release;
		};
		7051A02519C8721F00109CD3 /* Debug */ = {
			isa = XCBuildConfiguration;
			buildSettings = {
				ASSETCATALOG_COMPILER_APPICON_NAME = AppIcon;
				INFOPLIST_FILE = "$(SRCROOT)/SwiftBenchmarks/Info.plist";
				LD_RUNPATH_SEARCH_PATHS = "$(inherited) @executable_path/Frameworks";
				PRODUCT_NAME = SwiftBenchmarks;
			};
			name = Debug;
		};
		7051A02619C8721F00109CD3 /* Release */ = {
			isa = XCBuildConfiguration;
			buildSettings = {
				ASSETCATALOG_COMPILER_APPICON_NAME = AppIcon;
				INFOPLIST_FILE = "$(SRCROOT)/SwiftBenchmarks/Info.plist";
				LD_RUNPATH_SEARCH_PATHS = "$(inherited) @executable_path/Frameworks";
				PRODUCT_NAME = SwiftBenchmarks;
			};
			name = Release;
		};
/* End XCBuildConfiguration section */

/* Begin XCConfigurationList section */
		7051A00019C8721F00109CD3 /* Build configuration list for PBXProject "SwiftBenchmarks" */ = {
			isa = XCConfigurationList;
			buildConfigurations = (
				7051A02219C8721F00109CD3 /* Debug */,
				7051A02319C8721F00109CD3 /* Release */,
			);
			defaultConfigurationIsVisible = 0;
			defaultConfigurationName = Release;
		};
		7051A02419C8721F00109CD3 /* Build configuration list for PBXNativeTarget "SwiftBenchmarks" */ = {
			isa = XCConfigurationList;
			buildConfigurations = (
				7051A02519C8721F00109CD3 /* Debug */,
				7051A02619C8721F00109CD3 /* Release */,
			);
			defaultConfigurationIsVisible = 0;
			defaultConfigurationName = Release;
		};
/* End XCConfigurationList section */
	};
	rootObject = 70519FFD19C8721F00109CD3 /* Project object */;
}
